
Microsoft Visual Studio Solution File, Format Version 12.00
# Visual Studio Version 17
VisualStudioVersion = 17.7.34003.232
MinimumVisualStudioVersion = 10.0.40219.1
Project("{FAE04EC0-301F-11D3-BF4B-00C04F79EFBC}") = "SampleDataGenerator", "SampleDataGenerator\SampleDataGenerator.csproj", "{4C62ABC3-9381-4FB3-BD2E-986341511E7E}"
EndProject
Global
	GlobalSection(SolutionConfigurationPlatforms) = preSolution
		Debug|Any CPU = Debug|Any CPU
		Release|Any CPU = Release|Any CPU
	EndGlobalSection
	GlobalSection(ProjectConfigurationPlatforms) = postSolution
		{4C62ABC3-9381-4FB3-BD2E-986341511E7E}.Debug|Any CPU.ActiveCfg = Debug|Any CPU
		{4C62ABC3-9381-4FB3-BD2E-986341511E7E}.Debug|Any CPU.Build.0 = Debug|Any CPU
		{4C62ABC3-9381-4FB3-BD2E-986341511E7E}.Release|Any CPU.ActiveCfg = Release|Any CPU
		{4C62ABC3-9381-4FB3-BD2E-986341511E7E}.Release|Any CPU.Build.0 = Release|Any CPU
	EndGlobalSection
	GlobalSection(SolutionProperties) = preSolution
		HideSolutionNode = FALSE
	EndGlobalSection
	GlobalSection(ExtensibilityGlobals) = postSolution
		SolutionGuid = {FF343D2E-1708-4C90-A3D5-CD5CE56C907B}
	EndGlobalSection
EndGlobal
